// !$*UTF8*$!
{
	archiveVersion = 1;
	classes = {
	};
	objectVersion = 56;
	objects = {

/* Begin PBXBuildFile section */
		1D42681E2B0FF31C009425C1 /* CommentView.swift in Sources */ = {isa = PBXBuildFile; fileRef = 1D42681D2B0FF31C009425C1 /* CommentView.swift */; };
		1D4268202B0FF3E0009425C1 /* CommentRepository.swift in Sources */ = {isa = PBXBuildFile; fileRef = 1D42681F2B0FF3E0009425C1 /* CommentRepository.swift */; };
		1D4268222B10C00A009425C1 /* CommentViewModel.swift in Sources */ = {isa = PBXBuildFile; fileRef = 1D4268212B10C00A009425C1 /* CommentViewModel.swift */; };
		1D579D9B2B0647BF00DDC09F /* FirebaseAuth in Frameworks */ = {isa = PBXBuildFile; productRef = 1D579D9A2B0647BF00DDC09F /* FirebaseAuth */; };
		1D579D9D2B0647BF00DDC09F /* FirebaseDatabase in Frameworks */ = {isa = PBXBuildFile; productRef = 1D579D9C2B0647BF00DDC09F /* FirebaseDatabase */; };
		1D579D9F2B0647BF00DDC09F /* FirebaseDatabaseSwift in Frameworks */ = {isa = PBXBuildFile; productRef = 1D579D9E2B0647BF00DDC09F /* FirebaseDatabaseSwift */; };
		1D579DA12B0647BF00DDC09F /* FirebaseFirestore in Frameworks */ = {isa = PBXBuildFile; productRef = 1D579DA02B0647BF00DDC09F /* FirebaseFirestore */; };
		1D579DA32B0647BF00DDC09F /* FirebaseFirestoreCombine-Community in Frameworks */ = {isa = PBXBuildFile; productRef = 1D579DA22B0647BF00DDC09F /* FirebaseFirestoreCombine-Community */; };
		1D579DA52B0647BF00DDC09F /* FirebaseFirestoreSwift in Frameworks */ = {isa = PBXBuildFile; productRef = 1D579DA42B0647BF00DDC09F /* FirebaseFirestoreSwift */; };
		1D579DA72B0647BF00DDC09F /* FirebaseInAppMessaging-Beta in Frameworks */ = {isa = PBXBuildFile; productRef = 1D579DA62B0647BF00DDC09F /* FirebaseInAppMessaging-Beta */; };
		1D579DA92B0647BF00DDC09F /* FirebaseInAppMessagingSwift-Beta in Frameworks */ = {isa = PBXBuildFile; productRef = 1D579DA82B0647BF00DDC09F /* FirebaseInAppMessagingSwift-Beta */; };
		1D579DAB2B0647BF00DDC09F /* FirebaseMessaging in Frameworks */ = {isa = PBXBuildFile; productRef = 1D579DAA2B0647BF00DDC09F /* FirebaseMessaging */; };
		1D579DAD2B0647BF00DDC09F /* FirebaseStorage in Frameworks */ = {isa = PBXBuildFile; productRef = 1D579DAC2B0647BF00DDC09F /* FirebaseStorage */; };
		1D579DAF2B0647BF00DDC09F /* FirebaseStorageCombine-Community in Frameworks */ = {isa = PBXBuildFile; productRef = 1D579DAE2B0647BF00DDC09F /* FirebaseStorageCombine-Community */; };
		1D89CE462B04EFE800E7F68E /* QuillitApp.swift in Sources */ = {isa = PBXBuildFile; fileRef = 1D89CE452B04EFE800E7F68E /* QuillitApp.swift */; };
		1D89CE482B04EFE800E7F68E /* ContentView.swift in Sources */ = {isa = PBXBuildFile; fileRef = 1D89CE472B04EFE800E7F68E /* ContentView.swift */; };
		1D89CE4A2B04EFEA00E7F68E /* Assets.xcassets in Resources */ = {isa = PBXBuildFile; fileRef = 1D89CE492B04EFEA00E7F68E /* Assets.xcassets */; };
		1D89CE4D2B04EFEA00E7F68E /* Preview Assets.xcassets in Resources */ = {isa = PBXBuildFile; fileRef = 1D89CE4C2B04EFEA00E7F68E /* Preview Assets.xcassets */; };
		1D89CE572B04EFEB00E7F68E /* QuillitTests.swift in Sources */ = {isa = PBXBuildFile; fileRef = 1D89CE562B04EFEB00E7F68E /* QuillitTests.swift */; };
		1D89CE612B04EFEB00E7F68E /* QuillitUITests.swift in Sources */ = {isa = PBXBuildFile; fileRef = 1D89CE602B04EFEB00E7F68E /* QuillitUITests.swift */; };
		1D89CE632B04EFEB00E7F68E /* QuillitUITestsLaunchTests.swift in Sources */ = {isa = PBXBuildFile; fileRef = 1D89CE622B04EFEB00E7F68E /* QuillitUITestsLaunchTests.swift */; };
		1D89CE702B04F1BA00E7F68E /* MainView.swift in Sources */ = {isa = PBXBuildFile; fileRef = 1D89CE6F2B04F1BA00E7F68E /* MainView.swift */; };
		1D89CE752B04F25B00E7F68E /* HomeView.swift in Sources */ = {isa = PBXBuildFile; fileRef = 1D89CE742B04F25B00E7F68E /* HomeView.swift */; };
		1D89CE772B04F26F00E7F68E /* SearchView.swift in Sources */ = {isa = PBXBuildFile; fileRef = 1D89CE762B04F26F00E7F68E /* SearchView.swift */; };
		1D89CE792B04F2C700E7F68E /* NewQuillView.swift in Sources */ = {isa = PBXBuildFile; fileRef = 1D89CE782B04F2C700E7F68E /* NewQuillView.swift */; };
		1D89CE7B2B04F3BC00E7F68E /* NotificationView.swift in Sources */ = {isa = PBXBuildFile; fileRef = 1D89CE7A2B04F3BC00E7F68E /* NotificationView.swift */; };
		1D89CE7D2B04F3C600E7F68E /* ProfileView.swift in Sources */ = {isa = PBXBuildFile; fileRef = 1D89CE7C2B04F3C600E7F68E /* ProfileView.swift */; };
		1DADAA562B0D183000A0EA51 /* UserViewModel.swift in Sources */ = {isa = PBXBuildFile; fileRef = 1DADAA552B0D183000A0EA51 /* UserViewModel.swift */; };
		1DC03B002B065AD700AE0ABC /* Ahsing-Regular.otf in Resources */ = {isa = PBXBuildFile; fileRef = 1D579DBC2B06533C00DDC09F /* Ahsing-Regular.otf */; };
		1DC03B012B065AD900AE0ABC /* PTSans-Bold.ttf in Resources */ = {isa = PBXBuildFile; fileRef = 1D579DB42B06532600DDC09F /* PTSans-Bold.ttf */; };
		1DC03B022B065ADB00AE0ABC /* PTSans-BoldItalic.ttf in Resources */ = {isa = PBXBuildFile; fileRef = 1D579DB72B06532700DDC09F /* PTSans-BoldItalic.ttf */; };
		1DC03B032B065ADD00AE0ABC /* PTSans-Italic.ttf in Resources */ = {isa = PBXBuildFile; fileRef = 1D579DB52B06532600DDC09F /* PTSans-Italic.ttf */; };
		1DC03B042B065ADE00AE0ABC /* PTSans-Regular.ttf in Resources */ = {isa = PBXBuildFile; fileRef = 1D579DB62B06532700DDC09F /* PTSans-Regular.ttf */; };
		1DC03B052B065AE000AE0ABC /* SpaceMono-Bold.ttf in Resources */ = {isa = PBXBuildFile; fileRef = 1D579DBB2B06533100DDC09F /* SpaceMono-Bold.ttf */; };
		1DC03B062B065AE200AE0ABC /* SpaceMono-BoldItalic.ttf in Resources */ = {isa = PBXBuildFile; fileRef = 1D579DB92B06533000DDC09F /* SpaceMono-BoldItalic.ttf */; };
		1DC03B072B065AE400AE0ABC /* SpaceMono-Italic.ttf in Resources */ = {isa = PBXBuildFile; fileRef = 1D579DB82B06533000DDC09F /* SpaceMono-Italic.ttf */; };
		1DC03B082B065AE600AE0ABC /* SpaceMono-Regular.ttf in Resources */ = {isa = PBXBuildFile; fileRef = 1D579DBA2B06533100DDC09F /* SpaceMono-Regular.ttf */; };
		1DC03B0A2B06659E00AE0ABC /* LoginView.swift in Sources */ = {isa = PBXBuildFile; fileRef = 1DC03B092B06659E00AE0ABC /* LoginView.swift */; };
		1DC03B0C2B0665B000AE0ABC /* CreateAccountView.swift in Sources */ = {isa = PBXBuildFile; fileRef = 1DC03B0B2B0665B000AE0ABC /* CreateAccountView.swift */; };
		1DC03B112B06B8CA00AE0ABC /* UserRepository.swift in Sources */ = {isa = PBXBuildFile; fileRef = 1DC03B102B06B8CA00AE0ABC /* UserRepository.swift */; };
		1DC03B142B06BC1E00AE0ABC /* AuthViewModel.swift in Sources */ = {isa = PBXBuildFile; fileRef = 1DC03B132B06BC1E00AE0ABC /* AuthViewModel.swift */; };
		1DC03B162B06C30300AE0ABC /* GoogleService-Info.plist in Resources */ = {isa = PBXBuildFile; fileRef = 1DC03B152B06C30300AE0ABC /* GoogleService-Info.plist */; };
		1DC03B182B0771EA00AE0ABC /* QuillRepository.swift in Sources */ = {isa = PBXBuildFile; fileRef = 1DC03B172B0771EA00AE0ABC /* QuillRepository.swift */; };
		1DC03B1A2B07731F00AE0ABC /* QuillViewModel.swift in Sources */ = {isa = PBXBuildFile; fileRef = 1DC03B192B07731F00AE0ABC /* QuillViewModel.swift */; };
		1DC03B1C2B0795EA00AE0ABC /* QuillCardView.swift in Sources */ = {isa = PBXBuildFile; fileRef = 1DC03B1B2B0795EA00AE0ABC /* QuillCardView.swift */; };
		1DC03B1E2B07C8F300AE0ABC /* FullQuillView.swift in Sources */ = {isa = PBXBuildFile; fileRef = 1DC03B1D2B07C8F300AE0ABC /* FullQuillView.swift */; };
		1DCB13182B051F070091322E /* User.swift in Sources */ = {isa = PBXBuildFile; fileRef = 1DCB13172B051F070091322E /* User.swift */; };
		1DCB131A2B051F140091322E /* Quill.swift in Sources */ = {isa = PBXBuildFile; fileRef = 1DCB13192B051F140091322E /* Quill.swift */; };
		1DCB131C2B0520520091322E /* Comment.swift in Sources */ = {isa = PBXBuildFile; fileRef = 1DCB131B2B0520520091322E /* Comment.swift */; };
		1DDC42912B188CFE004E1230 /* Notification.swift in Sources */ = {isa = PBXBuildFile; fileRef = 1DDC42902B188CFE004E1230 /* Notification.swift */; };
		1DDC42942B188D42004E1230 /* NotificationType.swift in Sources */ = {isa = PBXBuildFile; fileRef = 1DDC42932B188D42004E1230 /* NotificationType.swift */; };
/* End PBXBuildFile section */

/* Begin PBXContainerItemProxy section */
		1D89CE532B04EFEB00E7F68E /* PBXContainerItemProxy */ = {
			isa = PBXContainerItemProxy;
			containerPortal = 1D89CE3A2B04EFE700E7F68E /* Project object */;
			proxyType = 1;
			remoteGlobalIDString = 1D89CE412B04EFE700E7F68E;
			remoteInfo = Quillit;
		};
		1D89CE5D2B04EFEB00E7F68E /* PBXContainerItemProxy */ = {
			isa = PBXContainerItemProxy;
			containerPortal = 1D89CE3A2B04EFE700E7F68E /* Project object */;
			proxyType = 1;
			remoteGlobalIDString = 1D89CE412B04EFE700E7F68E;
			remoteInfo = Quillit;
		};
/* End PBXContainerItemProxy section */

/* Begin PBXFileReference section */
		1D42681D2B0FF31C009425C1 /* CommentView.swift */ = {isa = PBXFileReference; lastKnownFileType = sourcecode.swift; path = CommentView.swift; sourceTree = "<group>"; };
		1D42681F2B0FF3E0009425C1 /* CommentRepository.swift */ = {isa = PBXFileReference; lastKnownFileType = sourcecode.swift; path = CommentRepository.swift; sourceTree = "<group>"; };
		1D4268212B10C00A009425C1 /* CommentViewModel.swift */ = {isa = PBXFileReference; lastKnownFileType = sourcecode.swift; path = CommentViewModel.swift; sourceTree = "<group>"; };
		1D579DB42B06532600DDC09F /* PTSans-Bold.ttf */ = {isa = PBXFileReference; lastKnownFileType = file; path = "PTSans-Bold.ttf"; sourceTree = "<group>"; };
		1D579DB52B06532600DDC09F /* PTSans-Italic.ttf */ = {isa = PBXFileReference; lastKnownFileType = file; path = "PTSans-Italic.ttf"; sourceTree = "<group>"; };
		1D579DB62B06532700DDC09F /* PTSans-Regular.ttf */ = {isa = PBXFileReference; lastKnownFileType = file; path = "PTSans-Regular.ttf"; sourceTree = "<group>"; };
		1D579DB72B06532700DDC09F /* PTSans-BoldItalic.ttf */ = {isa = PBXFileReference; lastKnownFileType = file; path = "PTSans-BoldItalic.ttf"; sourceTree = "<group>"; };
		1D579DB82B06533000DDC09F /* SpaceMono-Italic.ttf */ = {isa = PBXFileReference; lastKnownFileType = file; path = "SpaceMono-Italic.ttf"; sourceTree = "<group>"; };
		1D579DB92B06533000DDC09F /* SpaceMono-BoldItalic.ttf */ = {isa = PBXFileReference; lastKnownFileType = file; path = "SpaceMono-BoldItalic.ttf"; sourceTree = "<group>"; };
		1D579DBA2B06533100DDC09F /* SpaceMono-Regular.ttf */ = {isa = PBXFileReference; lastKnownFileType = file; path = "SpaceMono-Regular.ttf"; sourceTree = "<group>"; };
		1D579DBB2B06533100DDC09F /* SpaceMono-Bold.ttf */ = {isa = PBXFileReference; lastKnownFileType = file; path = "SpaceMono-Bold.ttf"; sourceTree = "<group>"; };
		1D579DBC2B06533C00DDC09F /* Ahsing-Regular.otf */ = {isa = PBXFileReference; lastKnownFileType = file; path = "Ahsing-Regular.otf"; sourceTree = "<group>"; };
		1D579DBD2B06537100DDC09F /* Info.plist */ = {isa = PBXFileReference; lastKnownFileType = text.plist; path = Info.plist; sourceTree = "<group>"; };
		1D89CE422B04EFE800E7F68E /* Quillit.app */ = {isa = PBXFileReference; explicitFileType = wrapper.application; includeInIndex = 0; path = Quillit.app; sourceTree = BUILT_PRODUCTS_DIR; };
		1D89CE452B04EFE800E7F68E /* QuillitApp.swift */ = {isa = PBXFileReference; lastKnownFileType = sourcecode.swift; path = QuillitApp.swift; sourceTree = "<group>"; };
		1D89CE472B04EFE800E7F68E /* ContentView.swift */ = {isa = PBXFileReference; lastKnownFileType = sourcecode.swift; path = ContentView.swift; sourceTree = "<group>"; };
		1D89CE492B04EFEA00E7F68E /* Assets.xcassets */ = {isa = PBXFileReference; lastKnownFileType = folder.assetcatalog; path = Assets.xcassets; sourceTree = "<group>"; };
		1D89CE4C2B04EFEA00E7F68E /* Preview Assets.xcassets */ = {isa = PBXFileReference; lastKnownFileType = folder.assetcatalog; path = "Preview Assets.xcassets"; sourceTree = "<group>"; };
		1D89CE522B04EFEB00E7F68E /* QuillitTests.xctest */ = {isa = PBXFileReference; explicitFileType = wrapper.cfbundle; includeInIndex = 0; path = QuillitTests.xctest; sourceTree = BUILT_PRODUCTS_DIR; };
		1D89CE562B04EFEB00E7F68E /* QuillitTests.swift */ = {isa = PBXFileReference; lastKnownFileType = sourcecode.swift; path = QuillitTests.swift; sourceTree = "<group>"; };
		1D89CE5C2B04EFEB00E7F68E /* QuillitUITests.xctest */ = {isa = PBXFileReference; explicitFileType = wrapper.cfbundle; includeInIndex = 0; path = QuillitUITests.xctest; sourceTree = BUILT_PRODUCTS_DIR; };
		1D89CE602B04EFEB00E7F68E /* QuillitUITests.swift */ = {isa = PBXFileReference; lastKnownFileType = sourcecode.swift; path = QuillitUITests.swift; sourceTree = "<group>"; };
		1D89CE622B04EFEB00E7F68E /* QuillitUITestsLaunchTests.swift */ = {isa = PBXFileReference; lastKnownFileType = sourcecode.swift; path = QuillitUITestsLaunchTests.swift; sourceTree = "<group>"; };
		1D89CE6F2B04F1BA00E7F68E /* MainView.swift */ = {isa = PBXFileReference; lastKnownFileType = sourcecode.swift; path = MainView.swift; sourceTree = "<group>"; };
		1D89CE742B04F25B00E7F68E /* HomeView.swift */ = {isa = PBXFileReference; lastKnownFileType = sourcecode.swift; path = HomeView.swift; sourceTree = "<group>"; };
		1D89CE762B04F26F00E7F68E /* SearchView.swift */ = {isa = PBXFileReference; lastKnownFileType = sourcecode.swift; path = SearchView.swift; sourceTree = "<group>"; };
		1D89CE782B04F2C700E7F68E /* NewQuillView.swift */ = {isa = PBXFileReference; lastKnownFileType = sourcecode.swift; path = NewQuillView.swift; sourceTree = "<group>"; };
		1D89CE7A2B04F3BC00E7F68E /* NotificationView.swift */ = {isa = PBXFileReference; lastKnownFileType = sourcecode.swift; path = NotificationView.swift; sourceTree = "<group>"; };
		1D89CE7C2B04F3C600E7F68E /* ProfileView.swift */ = {isa = PBXFileReference; lastKnownFileType = sourcecode.swift; path = ProfileView.swift; sourceTree = "<group>"; };
		1DADAA552B0D183000A0EA51 /* UserViewModel.swift */ = {isa = PBXFileReference; lastKnownFileType = sourcecode.swift; path = UserViewModel.swift; sourceTree = "<group>"; };
		1DC03B092B06659E00AE0ABC /* LoginView.swift */ = {isa = PBXFileReference; lastKnownFileType = sourcecode.swift; path = LoginView.swift; sourceTree = "<group>"; };
		1DC03B0B2B0665B000AE0ABC /* CreateAccountView.swift */ = {isa = PBXFileReference; lastKnownFileType = sourcecode.swift; path = CreateAccountView.swift; sourceTree = "<group>"; };
		1DC03B102B06B8CA00AE0ABC /* UserRepository.swift */ = {isa = PBXFileReference; lastKnownFileType = sourcecode.swift; path = UserRepository.swift; sourceTree = "<group>"; };
		1DC03B132B06BC1E00AE0ABC /* AuthViewModel.swift */ = {isa = PBXFileReference; lastKnownFileType = sourcecode.swift; path = AuthViewModel.swift; sourceTree = "<group>"; };
		1DC03B152B06C30300AE0ABC /* GoogleService-Info.plist */ = {isa = PBXFileReference; fileEncoding = 4; lastKnownFileType = text.plist.xml; path = "GoogleService-Info.plist"; sourceTree = "<group>"; };
		1DC03B172B0771EA00AE0ABC /* QuillRepository.swift */ = {isa = PBXFileReference; lastKnownFileType = sourcecode.swift; path = QuillRepository.swift; sourceTree = "<group>"; };
		1DC03B192B07731F00AE0ABC /* QuillViewModel.swift */ = {isa = PBXFileReference; lastKnownFileType = sourcecode.swift; path = QuillViewModel.swift; sourceTree = "<group>"; };
		1DC03B1B2B0795EA00AE0ABC /* QuillCardView.swift */ = {isa = PBXFileReference; lastKnownFileType = sourcecode.swift; path = QuillCardView.swift; sourceTree = "<group>"; };
		1DC03B1D2B07C8F300AE0ABC /* FullQuillView.swift */ = {isa = PBXFileReference; lastKnownFileType = sourcecode.swift; path = FullQuillView.swift; sourceTree = "<group>"; };
		1DCB13172B051F070091322E /* User.swift */ = {isa = PBXFileReference; lastKnownFileType = sourcecode.swift; path = User.swift; sourceTree = "<group>"; };
		1DCB13192B051F140091322E /* Quill.swift */ = {isa = PBXFileReference; lastKnownFileType = sourcecode.swift; path = Quill.swift; sourceTree = "<group>"; };
		1DCB131B2B0520520091322E /* Comment.swift */ = {isa = PBXFileReference; lastKnownFileType = sourcecode.swift; path = Comment.swift; sourceTree = "<group>"; };
		1DDC42902B188CFE004E1230 /* Notification.swift */ = {isa = PBXFileReference; lastKnownFileType = sourcecode.swift; path = Notification.swift; sourceTree = "<group>"; };
		1DDC42932B188D42004E1230 /* NotificationType.swift */ = {isa = PBXFileReference; lastKnownFileType = sourcecode.swift; path = NotificationType.swift; sourceTree = "<group>"; };
/* End PBXFileReference section */

/* Begin PBXFrameworksBuildPhase section */
		1D89CE3F2B04EFE700E7F68E /* Frameworks */ = {
			isa = PBXFrameworksBuildPhase;
			buildActionMask = 2147483647;
			files = (
				1D579DAF2B0647BF00DDC09F /* FirebaseStorageCombine-Community in Frameworks */,
				1D579DAB2B0647BF00DDC09F /* FirebaseMessaging in Frameworks */,
				1D579D9F2B0647BF00DDC09F /* FirebaseDatabaseSwift in Frameworks */,
				1D579DA72B0647BF00DDC09F /* FirebaseInAppMessaging-Beta in Frameworks */,
				1D579DAD2B0647BF00DDC09F /* FirebaseStorage in Frameworks */,
				1D579DA92B0647BF00DDC09F /* FirebaseInAppMessagingSwift-Beta in Frameworks */,
				1D579DA12B0647BF00DDC09F /* FirebaseFirestore in Frameworks */,
				1D579D9D2B0647BF00DDC09F /* FirebaseDatabase in Frameworks */,
				1D579DA32B0647BF00DDC09F /* FirebaseFirestoreCombine-Community in Frameworks */,
				1D579D9B2B0647BF00DDC09F /* FirebaseAuth in Frameworks */,
				1D579DA52B0647BF00DDC09F /* FirebaseFirestoreSwift in Frameworks */,
			);
			runOnlyForDeploymentPostprocessing = 0;
		};
		1D89CE4F2B04EFEB00E7F68E /* Frameworks */ = {
			isa = PBXFrameworksBuildPhase;
			buildActionMask = 2147483647;
			files = (
			);
			runOnlyForDeploymentPostprocessing = 0;
		};
		1D89CE592B04EFEB00E7F68E /* Frameworks */ = {
			isa = PBXFrameworksBuildPhase;
			buildActionMask = 2147483647;
			files = (
			);
			runOnlyForDeploymentPostprocessing = 0;
		};
/* End PBXFrameworksBuildPhase section */

/* Begin PBXGroup section */
		1D579DB02B06530300DDC09F /* Fonts */ = {
			isa = PBXGroup;
			children = (
				1D579DBC2B06533C00DDC09F /* Ahsing-Regular.otf */,
				1D579DB42B06532600DDC09F /* PTSans-Bold.ttf */,
				1D579DB72B06532700DDC09F /* PTSans-BoldItalic.ttf */,
				1D579DB52B06532600DDC09F /* PTSans-Italic.ttf */,
				1D579DB62B06532700DDC09F /* PTSans-Regular.ttf */,
				1D579DBB2B06533100DDC09F /* SpaceMono-Bold.ttf */,
				1D579DB92B06533000DDC09F /* SpaceMono-BoldItalic.ttf */,
				1D579DB82B06533000DDC09F /* SpaceMono-Italic.ttf */,
				1D579DBA2B06533100DDC09F /* SpaceMono-Regular.ttf */,
			);
			path = Fonts;
			sourceTree = "<group>";
		};
		1D579DBE2B0654BE00DDC09F /* Shared */ = {
			isa = PBXGroup;
			children = (
				1D579DB02B06530300DDC09F /* Fonts */,
			);
			path = Shared;
			sourceTree = "<group>";
		};
		1D89CE392B04EFE700E7F68E = {
			isa = PBXGroup;
			children = (
				1D89CE442B04EFE800E7F68E /* Quillit */,
				1D89CE552B04EFEB00E7F68E /* QuillitTests */,
				1D89CE5F2B04EFEB00E7F68E /* QuillitUITests */,
				1D89CE432B04EFE800E7F68E /* Products */,
			);
			sourceTree = "<group>";
		};
		1D89CE432B04EFE800E7F68E /* Products */ = {
			isa = PBXGroup;
			children = (
				1D89CE422B04EFE800E7F68E /* Quillit.app */,
				1D89CE522B04EFEB00E7F68E /* QuillitTests.xctest */,
				1D89CE5C2B04EFEB00E7F68E /* QuillitUITests.xctest */,
			);
			name = Products;
			sourceTree = "<group>";
		};
		1D89CE442B04EFE800E7F68E /* Quillit */ = {
			isa = PBXGroup;
			children = (
				1DC03B0F2B06B8AA00AE0ABC /* Repo */,
				1D579DBE2B0654BE00DDC09F /* Shared */,
				1D579DBD2B06537100DDC09F /* Info.plist */,
				1DCB13162B051EF80091322E /* View Models */,
				1DCB13152B051ED40091322E /* Models */,
				1D89CE712B04F1E100E7F68E /* Views */,
				1D89CE452B04EFE800E7F68E /* QuillitApp.swift */,
				1D89CE492B04EFEA00E7F68E /* Assets.xcassets */,
				1DC03B152B06C30300AE0ABC /* GoogleService-Info.plist */,
				1D89CE4B2B04EFEA00E7F68E /* Preview Content */,
			);
			path = Quillit;
			sourceTree = "<group>";
		};
		1D89CE4B2B04EFEA00E7F68E /* Preview Content */ = {
			isa = PBXGroup;
			children = (
				1D89CE4C2B04EFEA00E7F68E /* Preview Assets.xcassets */,
			);
			path = "Preview Content";
			sourceTree = "<group>";
		};
		1D89CE552B04EFEB00E7F68E /* QuillitTests */ = {
			isa = PBXGroup;
			children = (
				1D89CE562B04EFEB00E7F68E /* QuillitTests.swift */,
			);
			path = QuillitTests;
			sourceTree = "<group>";
		};
		1D89CE5F2B04EFEB00E7F68E /* QuillitUITests */ = {
			isa = PBXGroup;
			children = (
				1D89CE602B04EFEB00E7F68E /* QuillitUITests.swift */,
				1D89CE622B04EFEB00E7F68E /* QuillitUITestsLaunchTests.swift */,
			);
			path = QuillitUITests;
			sourceTree = "<group>";
		};
		1D89CE712B04F1E100E7F68E /* Views */ = {
			isa = PBXGroup;
			children = (
				1D89CE472B04EFE800E7F68E /* ContentView.swift */,
				1D89CE6F2B04F1BA00E7F68E /* MainView.swift */,
				1D89CE742B04F25B00E7F68E /* HomeView.swift */,
				1D89CE762B04F26F00E7F68E /* SearchView.swift */,
				1D89CE782B04F2C700E7F68E /* NewQuillView.swift */,
				1D89CE7A2B04F3BC00E7F68E /* NotificationView.swift */,
				1D89CE7C2B04F3C600E7F68E /* ProfileView.swift */,
				1DC03B092B06659E00AE0ABC /* LoginView.swift */,
				1DC03B0B2B0665B000AE0ABC /* CreateAccountView.swift */,
				1DC03B1B2B0795EA00AE0ABC /* QuillCardView.swift */,
				1DC03B1D2B07C8F300AE0ABC /* FullQuillView.swift */,
				1D42681D2B0FF31C009425C1 /* CommentView.swift */,
			);
			path = Views;
			sourceTree = "<group>";
		};
		1DC03B0F2B06B8AA00AE0ABC /* Repo */ = {
			isa = PBXGroup;
			children = (
				1DC03B102B06B8CA00AE0ABC /* UserRepository.swift */,
				1DC03B172B0771EA00AE0ABC /* QuillRepository.swift */,
				1D42681F2B0FF3E0009425C1 /* CommentRepository.swift */,
			);
			path = Repo;
			sourceTree = "<group>";
		};
		1DCB13152B051ED40091322E /* Models */ = {
			isa = PBXGroup;
			children = (
				1DDC42922B188D37004E1230 /* Enum */,
				1DCB13172B051F070091322E /* User.swift */,
				1DCB13192B051F140091322E /* Quill.swift */,
				1DCB131B2B0520520091322E /* Comment.swift */,
				1DDC42902B188CFE004E1230 /* Notification.swift */,
			);
			path = Models;
			sourceTree = "<group>";
		};
		1DCB13162B051EF80091322E /* View Models */ = {
			isa = PBXGroup;
			children = (
				1DC03B132B06BC1E00AE0ABC /* AuthViewModel.swift */,
				1DC03B192B07731F00AE0ABC /* QuillViewModel.swift */,
				1DADAA552B0D183000A0EA51 /* UserViewModel.swift */,
				1D4268212B10C00A009425C1 /* CommentViewModel.swift */,
			);
			path = "View Models";
			sourceTree = "<group>";
		};
		1DDC42922B188D37004E1230 /* Enum */ = {
			isa = PBXGroup;
			children = (
				1DDC42932B188D42004E1230 /* NotificationType.swift */,
			);
			path = Enum;
			sourceTree = "<group>";
		};
/* End PBXGroup section */

/* Begin PBXNativeTarget section */
		1D89CE412B04EFE700E7F68E /* Quillit */ = {
			isa = PBXNativeTarget;
			buildConfigurationList = 1D89CE662B04EFEB00E7F68E /* Build configuration list for PBXNativeTarget "Quillit" */;
			buildPhases = (
				1D89CE3E2B04EFE700E7F68E /* Sources */,
				1D89CE3F2B04EFE700E7F68E /* Frameworks */,
				1D89CE402B04EFE700E7F68E /* Resources */,
			);
			buildRules = (
			);
			dependencies = (
			);
			name = Quillit;
			packageProductDependencies = (
				1D579D9A2B0647BF00DDC09F /* FirebaseAuth */,
				1D579D9C2B0647BF00DDC09F /* FirebaseDatabase */,
				1D579D9E2B0647BF00DDC09F /* FirebaseDatabaseSwift */,
				1D579DA02B0647BF00DDC09F /* FirebaseFirestore */,
				1D579DA22B0647BF00DDC09F /* FirebaseFirestoreCombine-Community */,
				1D579DA42B0647BF00DDC09F /* FirebaseFirestoreSwift */,
				1D579DA62B0647BF00DDC09F /* FirebaseInAppMessaging-Beta */,
				1D579DA82B0647BF00DDC09F /* FirebaseInAppMessagingSwift-Beta */,
				1D579DAA2B0647BF00DDC09F /* FirebaseMessaging */,
				1D579DAC2B0647BF00DDC09F /* FirebaseStorage */,
				1D579DAE2B0647BF00DDC09F /* FirebaseStorageCombine-Community */,
			);
			productName = Quillit;
			productReference = 1D89CE422B04EFE800E7F68E /* Quillit.app */;
			productType = "com.apple.product-type.application";
		};
		1D89CE512B04EFEB00E7F68E /* QuillitTests */ = {
			isa = PBXNativeTarget;
			buildConfigurationList = 1D89CE692B04EFEB00E7F68E /* Build configuration list for PBXNativeTarget "QuillitTests" */;
			buildPhases = (
				1D89CE4E2B04EFEB00E7F68E /* Sources */,
				1D89CE4F2B04EFEB00E7F68E /* Frameworks */,
				1D89CE502B04EFEB00E7F68E /* Resources */,
			);
			buildRules = (
			);
			dependencies = (
				1D89CE542B04EFEB00E7F68E /* PBXTargetDependency */,
			);
			name = QuillitTests;
			productName = QuillitTests;
			productReference = 1D89CE522B04EFEB00E7F68E /* QuillitTests.xctest */;
			productType = "com.apple.product-type.bundle.unit-test";
		};
		1D89CE5B2B04EFEB00E7F68E /* QuillitUITests */ = {
			isa = PBXNativeTarget;
			buildConfigurationList = 1D89CE6C2B04EFEB00E7F68E /* Build configuration list for PBXNativeTarget "QuillitUITests" */;
			buildPhases = (
				1D89CE582B04EFEB00E7F68E /* Sources */,
				1D89CE592B04EFEB00E7F68E /* Frameworks */,
				1D89CE5A2B04EFEB00E7F68E /* Resources */,
			);
			buildRules = (
			);
			dependencies = (
				1D89CE5E2B04EFEB00E7F68E /* PBXTargetDependency */,
			);
			name = QuillitUITests;
			productName = QuillitUITests;
			productReference = 1D89CE5C2B04EFEB00E7F68E /* QuillitUITests.xctest */;
			productType = "com.apple.product-type.bundle.ui-testing";
		};
/* End PBXNativeTarget section */

/* Begin PBXProject section */
		1D89CE3A2B04EFE700E7F68E /* Project object */ = {
			isa = PBXProject;
			attributes = {
				BuildIndependentTargetsInParallel = 1;
				LastSwiftUpdateCheck = 1410;
				LastUpgradeCheck = 1410;
				TargetAttributes = {
					1D89CE412B04EFE700E7F68E = {
						CreatedOnToolsVersion = 14.1;
					};
					1D89CE512B04EFEB00E7F68E = {
						CreatedOnToolsVersion = 14.1;
						TestTargetID = 1D89CE412B04EFE700E7F68E;
					};
					1D89CE5B2B04EFEB00E7F68E = {
						CreatedOnToolsVersion = 14.1;
						TestTargetID = 1D89CE412B04EFE700E7F68E;
					};
				};
			};
			buildConfigurationList = 1D89CE3D2B04EFE700E7F68E /* Build configuration list for PBXProject "Quillit" */;
			compatibilityVersion = "Xcode 14.0";
			developmentRegion = en;
			hasScannedForEncodings = 0;
			knownRegions = (
				en,
				Base,
			);
			mainGroup = 1D89CE392B04EFE700E7F68E;
			packageReferences = (
				1D579D992B0647BF00DDC09F /* XCRemoteSwiftPackageReference "firebase-ios-sdk" */,
			);
			productRefGroup = 1D89CE432B04EFE800E7F68E /* Products */;
			projectDirPath = "";
			projectRoot = "";
			targets = (
				1D89CE412B04EFE700E7F68E /* Quillit */,
				1D89CE512B04EFEB00E7F68E /* QuillitTests */,
				1D89CE5B2B04EFEB00E7F68E /* QuillitUITests */,
			);
		};
/* End PBXProject section */

/* Begin PBXResourcesBuildPhase section */
		1D89CE402B04EFE700E7F68E /* Resources */ = {
			isa = PBXResourcesBuildPhase;
			buildActionMask = 2147483647;
			files = (
				1D89CE4D2B04EFEA00E7F68E /* Preview Assets.xcassets in Resources */,
				1DC03B032B065ADD00AE0ABC /* PTSans-Italic.ttf in Resources */,
				1DC03B012B065AD900AE0ABC /* PTSans-Bold.ttf in Resources */,
				1DC03B022B065ADB00AE0ABC /* PTSans-BoldItalic.ttf in Resources */,
				1DC03B052B065AE000AE0ABC /* SpaceMono-Bold.ttf in Resources */,
				1DC03B162B06C30300AE0ABC /* GoogleService-Info.plist in Resources */,
				1DC03B082B065AE600AE0ABC /* SpaceMono-Regular.ttf in Resources */,
				1DC03B062B065AE200AE0ABC /* SpaceMono-BoldItalic.ttf in Resources */,
				1D89CE4A2B04EFEA00E7F68E /* Assets.xcassets in Resources */,
				1DC03B002B065AD700AE0ABC /* Ahsing-Regular.otf in Resources */,
				1DC03B072B065AE400AE0ABC /* SpaceMono-Italic.ttf in Resources */,
				1DC03B042B065ADE00AE0ABC /* PTSans-Regular.ttf in Resources */,
			);
			runOnlyForDeploymentPostprocessing = 0;
		};
		1D89CE502B04EFEB00E7F68E /* Resources */ = {
			isa = PBXResourcesBuildPhase;
			buildActionMask = 2147483647;
			files = (
			);
			runOnlyForDeploymentPostprocessing = 0;
		};
		1D89CE5A2B04EFEB00E7F68E /* Resources */ = {
			isa = PBXResourcesBuildPhase;
			buildActionMask = 2147483647;
			files = (
			);
			runOnlyForDeploymentPostprocessing = 0;
		};
/* End PBXResourcesBuildPhase section */

/* Begin PBXSourcesBuildPhase section */
		1D89CE3E2B04EFE700E7F68E /* Sources */ = {
			isa = PBXSourcesBuildPhase;
			buildActionMask = 2147483647;
			files = (
				1D4268222B10C00A009425C1 /* CommentViewModel.swift in Sources */,
				1DC03B1E2B07C8F300AE0ABC /* FullQuillView.swift in Sources */,
				1D89CE7D2B04F3C600E7F68E /* ProfileView.swift in Sources */,
				1D89CE772B04F26F00E7F68E /* SearchView.swift in Sources */,
				1DC03B1A2B07731F00AE0ABC /* QuillViewModel.swift in Sources */,
				1D89CE482B04EFE800E7F68E /* ContentView.swift in Sources */,
				1D89CE7B2B04F3BC00E7F68E /* NotificationView.swift in Sources */,
				1D89CE752B04F25B00E7F68E /* HomeView.swift in Sources */,
				1DC03B142B06BC1E00AE0ABC /* AuthViewModel.swift in Sources */,
				1DCB13182B051F070091322E /* User.swift in Sources */,
				1DC03B182B0771EA00AE0ABC /* QuillRepository.swift in Sources */,
				1DC03B0C2B0665B000AE0ABC /* CreateAccountView.swift in Sources */,
				1DC03B0A2B06659E00AE0ABC /* LoginView.swift in Sources */,
				1D42681E2B0FF31C009425C1 /* CommentView.swift in Sources */,
				1DDC42942B188D42004E1230 /* NotificationType.swift in Sources */,
				1D4268202B0FF3E0009425C1 /* CommentRepository.swift in Sources */,
				1D89CE792B04F2C700E7F68E /* NewQuillView.swift in Sources */,
				1DADAA562B0D183000A0EA51 /* UserViewModel.swift in Sources */,
				1DCB131A2B051F140091322E /* Quill.swift in Sources */,
				1DC03B112B06B8CA00AE0ABC /* UserRepository.swift in Sources */,
				1D89CE702B04F1BA00E7F68E /* MainView.swift in Sources */,
				1DDC42912B188CFE004E1230 /* Notification.swift in Sources */,
				1DCB131C2B0520520091322E /* Comment.swift in Sources */,
				1DC03B1C2B0795EA00AE0ABC /* QuillCardView.swift in Sources */,
				1D89CE462B04EFE800E7F68E /* QuillitApp.swift in Sources */,
			);
			runOnlyForDeploymentPostprocessing = 0;
		};
		1D89CE4E2B04EFEB00E7F68E /* Sources */ = {
			isa = PBXSourcesBuildPhase;
			buildActionMask = 2147483647;
			files = (
				1D89CE572B04EFEB00E7F68E /* QuillitTests.swift in Sources */,
			);
			runOnlyForDeploymentPostprocessing = 0;
		};
		1D89CE582B04EFEB00E7F68E /* Sources */ = {
			isa = PBXSourcesBuildPhase;
			buildActionMask = 2147483647;
			files = (
				1D89CE612B04EFEB00E7F68E /* QuillitUITests.swift in Sources */,
				1D89CE632B04EFEB00E7F68E /* QuillitUITestsLaunchTests.swift in Sources */,
			);
			runOnlyForDeploymentPostprocessing = 0;
		};
/* End PBXSourcesBuildPhase section */

/* Begin PBXTargetDependency section */
		1D89CE542B04EFEB00E7F68E /* PBXTargetDependency */ = {
			isa = PBXTargetDependency;
			target = 1D89CE412B04EFE700E7F68E /* Quillit */;
			targetProxy = 1D89CE532B04EFEB00E7F68E /* PBXContainerItemProxy */;
		};
		1D89CE5E2B04EFEB00E7F68E /* PBXTargetDependency */ = {
			isa = PBXTargetDependency;
			target = 1D89CE412B04EFE700E7F68E /* Quillit */;
			targetProxy = 1D89CE5D2B04EFEB00E7F68E /* PBXContainerItemProxy */;
		};
/* End PBXTargetDependency section */

/* Begin XCBuildConfiguration section */
		1D89CE642B04EFEB00E7F68E /* Debug */ = {
			isa = XCBuildConfiguration;
			buildSettings = {
				ALWAYS_SEARCH_USER_PATHS = NO;
				CLANG_ANALYZER_NONNULL = YES;
				CLANG_ANALYZER_NUMBER_OBJECT_CONVERSION = YES_AGGRESSIVE;
				CLANG_CXX_LANGUAGE_STANDARD = "gnu++20";
				CLANG_ENABLE_MODULES = YES;
				CLANG_ENABLE_OBJC_ARC = YES;
				CLANG_ENABLE_OBJC_WEAK = YES;
				CLANG_WARN_BLOCK_CAPTURE_AUTORELEASING = YES;
				CLANG_WARN_BOOL_CONVERSION = YES;
				CLANG_WARN_COMMA = YES;
				CLANG_WARN_CONSTANT_CONVERSION = YES;
				CLANG_WARN_DEPRECATED_OBJC_IMPLEMENTATIONS = YES;
				CLANG_WARN_DIRECT_OBJC_ISA_USAGE = YES_ERROR;
				CLANG_WARN_DOCUMENTATION_COMMENTS = YES;
				CLANG_WARN_EMPTY_BODY = YES;
				CLANG_WARN_ENUM_CONVERSION = YES;
				CLANG_WARN_INFINITE_RECURSION = YES;
				CLANG_WARN_INT_CONVERSION = YES;
				CLANG_WARN_NON_LITERAL_NULL_CONVERSION = YES;
				CLANG_WARN_OBJC_IMPLICIT_RETAIN_SELF = YES;
				CLANG_WARN_OBJC_LITERAL_CONVERSION = YES;
				CLANG_WARN_OBJC_ROOT_CLASS = YES_ERROR;
				CLANG_WARN_QUOTED_INCLUDE_IN_FRAMEWORK_HEADER = YES;
				CLANG_WARN_RANGE_LOOP_ANALYSIS = YES;
				CLANG_WARN_STRICT_PROTOTYPES = YES;
				CLANG_WARN_SUSPICIOUS_MOVE = YES;
				CLANG_WARN_UNGUARDED_AVAILABILITY = YES_AGGRESSIVE;
				CLANG_WARN_UNREACHABLE_CODE = YES;
				CLANG_WARN__DUPLICATE_METHOD_MATCH = YES;
				COPY_PHASE_STRIP = NO;
				DEBUG_INFORMATION_FORMAT = dwarf;
				ENABLE_STRICT_OBJC_MSGSEND = YES;
				ENABLE_TESTABILITY = YES;
				GCC_C_LANGUAGE_STANDARD = gnu11;
				GCC_DYNAMIC_NO_PIC = NO;
				GCC_NO_COMMON_BLOCKS = YES;
				GCC_OPTIMIZATION_LEVEL = 0;
				GCC_PREPROCESSOR_DEFINITIONS = (
					"DEBUG=1",
					"$(inherited)",
				);
				GCC_WARN_64_TO_32_BIT_CONVERSION = YES;
				GCC_WARN_ABOUT_RETURN_TYPE = YES_ERROR;
				GCC_WARN_UNDECLARED_SELECTOR = YES;
				GCC_WARN_UNINITIALIZED_AUTOS = YES_AGGRESSIVE;
				GCC_WARN_UNUSED_FUNCTION = YES;
				GCC_WARN_UNUSED_VARIABLE = YES;
				IPHONEOS_DEPLOYMENT_TARGET = 16.1;
				MTL_ENABLE_DEBUG_INFO = INCLUDE_SOURCE;
				MTL_FAST_MATH = YES;
				ONLY_ACTIVE_ARCH = YES;
				SDKROOT = iphoneos;
				SWIFT_ACTIVE_COMPILATION_CONDITIONS = DEBUG;
				SWIFT_OPTIMIZATION_LEVEL = "-Onone";
			};
			name = Debug;
		};
		1D89CE652B04EFEB00E7F68E /* Release */ = {
			isa = XCBuildConfiguration;
			buildSettings = {
				ALWAYS_SEARCH_USER_PATHS = NO;
				CLANG_ANALYZER_NONNULL = YES;
				CLANG_ANALYZER_NUMBER_OBJECT_CONVERSION = YES_AGGRESSIVE;
				CLANG_CXX_LANGUAGE_STANDARD = "gnu++20";
				CLANG_ENABLE_MODULES = YES;
				CLANG_ENABLE_OBJC_ARC = YES;
				CLANG_ENABLE_OBJC_WEAK = YES;
				CLANG_WARN_BLOCK_CAPTURE_AUTORELEASING = YES;
				CLANG_WARN_BOOL_CONVERSION = YES;
				CLANG_WARN_COMMA = YES;
				CLANG_WARN_CONSTANT_CONVERSION = YES;
				CLANG_WARN_DEPRECATED_OBJC_IMPLEMENTATIONS = YES;
				CLANG_WARN_DIRECT_OBJC_ISA_USAGE = YES_ERROR;
				CLANG_WARN_DOCUMENTATION_COMMENTS = YES;
				CLANG_WARN_EMPTY_BODY = YES;
				CLANG_WARN_ENUM_CONVERSION = YES;
				CLANG_WARN_INFINITE_RECURSION = YES;
				CLANG_WARN_INT_CONVERSION = YES;
				CLANG_WARN_NON_LITERAL_NULL_CONVERSION = YES;
				CLANG_WARN_OBJC_IMPLICIT_RETAIN_SELF = YES;
				CLANG_WARN_OBJC_LITERAL_CONVERSION = YES;
				CLANG_WARN_OBJC_ROOT_CLASS = YES_ERROR;
				CLANG_WARN_QUOTED_INCLUDE_IN_FRAMEWORK_HEADER = YES;
				CLANG_WARN_RANGE_LOOP_ANALYSIS = YES;
				CLANG_WARN_STRICT_PROTOTYPES = YES;
				CLANG_WARN_SUSPICIOUS_MOVE = YES;
				CLANG_WARN_UNGUARDED_AVAILABILITY = YES_AGGRESSIVE;
				CLANG_WARN_UNREACHABLE_CODE = YES;
				CLANG_WARN__DUPLICATE_METHOD_MATCH = YES;
				COPY_PHASE_STRIP = NO;
				DEBUG_INFORMATION_FORMAT = "dwarf-with-dsym";
				ENABLE_NS_ASSERTIONS = NO;
				ENABLE_STRICT_OBJC_MSGSEND = YES;
				GCC_C_LANGUAGE_STANDARD = gnu11;
				GCC_NO_COMMON_BLOCKS = YES;
				GCC_WARN_64_TO_32_BIT_CONVERSION = YES;
				GCC_WARN_ABOUT_RETURN_TYPE = YES_ERROR;
				GCC_WARN_UNDECLARED_SELECTOR = YES;
				GCC_WARN_UNINITIALIZED_AUTOS = YES_AGGRESSIVE;
				GCC_WARN_UNUSED_FUNCTION = YES;
				GCC_WARN_UNUSED_VARIABLE = YES;
				IPHONEOS_DEPLOYMENT_TARGET = 16.1;
				MTL_ENABLE_DEBUG_INFO = NO;
				MTL_FAST_MATH = YES;
				SDKROOT = iphoneos;
				SWIFT_COMPILATION_MODE = wholemodule;
				SWIFT_OPTIMIZATION_LEVEL = "-O";
				VALIDATE_PRODUCT = YES;
			};
			name = Release;
		};
		1D89CE672B04EFEB00E7F68E /* Debug */ = {
			isa = XCBuildConfiguration;
			buildSettings = {
				ASSETCATALOG_COMPILER_APPICON_NAME = AppIcon;
				ASSETCATALOG_COMPILER_GLOBAL_ACCENT_COLOR_NAME = AccentColor;
				CODE_SIGN_STYLE = Automatic;
				CURRENT_PROJECT_VERSION = 1;
				DEVELOPMENT_ASSET_PATHS = "\"Quillit/Preview Content\"";
				DEVELOPMENT_TEAM = 9L6RNBKCUL;
				ENABLE_PREVIEWS = YES;
				GENERATE_INFOPLIST_FILE = YES;
				INFOPLIST_FILE = Quillit/Info.plist;
				INFOPLIST_KEY_CFBundleDisplayName = Quillit;
				INFOPLIST_KEY_UIApplicationSceneManifest_Generation = YES;
				INFOPLIST_KEY_UIApplicationSupportsIndirectInputEvents = YES;
				INFOPLIST_KEY_UILaunchScreen_Generation = YES;
				INFOPLIST_KEY_UISupportedInterfaceOrientations = UIInterfaceOrientationPortrait;
				INFOPLIST_KEY_UISupportedInterfaceOrientations_iPad = "UIInterfaceOrientationLandscapeLeft UIInterfaceOrientationLandscapeRight UIInterfaceOrientationPortrait UIInterfaceOrientationPortraitUpsideDown";
				LD_RUNPATH_SEARCH_PATHS = (
					"$(inherited)",
					"@executable_path/Frameworks",
				);
				MARKETING_VERSION = 1.0;
				PRODUCT_BUNDLE_IDENTIFIER = com.gorjan.Quillit;
				PRODUCT_NAME = "$(TARGET_NAME)";
				SWIFT_EMIT_LOC_STRINGS = YES;
				SWIFT_VERSION = 5.0;
				TARGETED_DEVICE_FAMILY = "1,2";
			};
			name = Debug;
		};
		1D89CE682B04EFEB00E7F68E /* Release */ = {
			isa = XCBuildConfiguration;
			buildSettings = {
				ASSETCATALOG_COMPILER_APPICON_NAME = AppIcon;
				ASSETCATALOG_COMPILER_GLOBAL_ACCENT_COLOR_NAME = AccentColor;
				CODE_SIGN_STYLE = Automatic;
				CURRENT_PROJECT_VERSION = 1;
				DEVELOPMENT_ASSET_PATHS = "\"Quillit/Preview Content\"";
				DEVELOPMENT_TEAM = 9L6RNBKCUL;
				ENABLE_PREVIEWS = YES;
				GENERATE_INFOPLIST_FILE = YES;
				INFOPLIST_FILE = Quillit/Info.plist;
				INFOPLIST_KEY_CFBundleDisplayName = Quillit;
				INFOPLIST_KEY_UIApplicationSceneManifest_Generation = YES;
				INFOPLIST_KEY_UIApplicationSupportsIndirectInputEvents = YES;
				INFOPLIST_KEY_UILaunchScreen_Generation = YES;
				INFOPLIST_KEY_UISupportedInterfaceOrientations = UIInterfaceOrientationPortrait;
				INFOPLIST_KEY_UISupportedInterfaceOrientations_iPad = "UIInterfaceOrientationLandscapeLeft UIInterfaceOrientationLandscapeRight UIInterfaceOrientationPortrait UIInterfaceOrientationPortraitUpsideDown";
				LD_RUNPATH_SEARCH_PATHS = (
					"$(inherited)",
					"@executable_path/Frameworks",
				);
				MARKETING_VERSION = 1.0;
				PRODUCT_BUNDLE_IDENTIFIER = com.gorjan.Quillit;
				PRODUCT_NAME = "$(TARGET_NAME)";
				SWIFT_EMIT_LOC_STRINGS = YES;
				SWIFT_VERSION = 5.0;
				TARGETED_DEVICE_FAMILY = "1,2";
			};
			name = Release;
		};
		1D89CE6A2B04EFEB00E7F68E /* Debug */ = {
			isa = XCBuildConfiguration;
			buildSettings = {
				ALWAYS_EMBED_SWIFT_STANDARD_LIBRARIES = YES;
				BUNDLE_LOADER = "$(TEST_HOST)";
				CODE_SIGN_STYLE = Automatic;
				CURRENT_PROJECT_VERSION = 1;
				DEVELOPMENT_TEAM = 9L6RNBKCUL;
				GENERATE_INFOPLIST_FILE = YES;
				IPHONEOS_DEPLOYMENT_TARGET = 16.1;
				MARKETING_VERSION = 1.0;
				PRODUCT_BUNDLE_IDENTIFIER = gorjan.QuillitTests;
				PRODUCT_NAME = "$(TARGET_NAME)";
				SWIFT_EMIT_LOC_STRINGS = NO;
				SWIFT_VERSION = 5.0;
				TARGETED_DEVICE_FAMILY = "1,2";
				TEST_HOST = "$(BUILT_PRODUCTS_DIR)/Quillit.app/$(BUNDLE_EXECUTABLE_FOLDER_PATH)/Quillit";
			};
			name = Debug;
		};
		1D89CE6B2B04EFEB00E7F68E /* Release */ = {
			isa = XCBuildConfiguration;
			buildSettings = {
				ALWAYS_EMBED_SWIFT_STANDARD_LIBRARIES = YES;
				BUNDLE_LOADER = "$(TEST_HOST)";
				CODE_SIGN_STYLE = Automatic;
				CURRENT_PROJECT_VERSION = 1;
				DEVELOPMENT_TEAM = 9L6RNBKCUL;
				GENERATE_INFOPLIST_FILE = YES;
				IPHONEOS_DEPLOYMENT_TARGET = 16.1;
				MARKETING_VERSION = 1.0;
				PRODUCT_BUNDLE_IDENTIFIER = gorjan.QuillitTests;
				PRODUCT_NAME = "$(TARGET_NAME)";
				SWIFT_EMIT_LOC_STRINGS = NO;
				SWIFT_VERSION = 5.0;
				TARGETED_DEVICE_FAMILY = "1,2";
				TEST_HOST = "$(BUILT_PRODUCTS_DIR)/Quillit.app/$(BUNDLE_EXECUTABLE_FOLDER_PATH)/Quillit";
			};
			name = Release;
		};
		1D89CE6D2B04EFEB00E7F68E /* Debug */ = {
			isa = XCBuildConfiguration;
			buildSettings = {
				ALWAYS_EMBED_SWIFT_STANDARD_LIBRARIES = YES;
				CODE_SIGN_STYLE = Automatic;
				CURRENT_PROJECT_VERSION = 1;
				DEVELOPMENT_TEAM = 9L6RNBKCUL;
				GENERATE_INFOPLIST_FILE = YES;
				MARKETING_VERSION = 1.0;
				PRODUCT_BUNDLE_IDENTIFIER = gorjan.QuillitUITests;
				PRODUCT_NAME = "$(TARGET_NAME)";
				SWIFT_EMIT_LOC_STRINGS = NO;
				SWIFT_VERSION = 5.0;
				TARGETED_DEVICE_FAMILY = "1,2";
				TEST_TARGET_NAME = Quillit;
			};
			name = Debug;
		};
		1D89CE6E2B04EFEB00E7F68E /* Release */ = {
			isa = XCBuildConfiguration;
			buildSettings = {
				ALWAYS_EMBED_SWIFT_STANDARD_LIBRARIES = YES;
				CODE_SIGN_STYLE = Automatic;
				CURRENT_PROJECT_VERSION = 1;
				DEVELOPMENT_TEAM = 9L6RNBKCUL;
				GENERATE_INFOPLIST_FILE = YES;
				MARKETING_VERSION = 1.0;
				PRODUCT_BUNDLE_IDENTIFIER = gorjan.QuillitUITests;
				PRODUCT_NAME = "$(TARGET_NAME)";
				SWIFT_EMIT_LOC_STRINGS = NO;
				SWIFT_VERSION = 5.0;
				TARGETED_DEVICE_FAMILY = "1,2";
				TEST_TARGET_NAME = Quillit;
			};
			name = Release;
		};
/* End XCBuildConfiguration section */

/* Begin XCConfigurationList section */
		1D89CE3D2B04EFE700E7F68E /* Build configuration list for PBXProject "Quillit" */ = {
			isa = XCConfigurationList;
			buildConfigurations = (
				1D89CE642B04EFEB00E7F68E /* Debug */,
				1D89CE652B04EFEB00E7F68E /* Release */,
			);
			defaultConfigurationIsVisible = 0;
			defaultConfigurationName = Release;
		};
		1D89CE662B04EFEB00E7F68E /* Build configuration list for PBXNativeTarget "Quillit" */ = {
			isa = XCConfigurationList;
			buildConfigurations = (
				1D89CE672B04EFEB00E7F68E /* Debug */,
				1D89CE682B04EFEB00E7F68E /* Release */,
			);
			defaultConfigurationIsVisible = 0;
			defaultConfigurationName = Release;
		};
		1D89CE692B04EFEB00E7F68E /* Build configuration list for PBXNativeTarget "QuillitTests" */ = {
			isa = XCConfigurationList;
			buildConfigurations = (
				1D89CE6A2B04EFEB00E7F68E /* Debug */,
				1D89CE6B2B04EFEB00E7F68E /* Release */,
			);
			defaultConfigurationIsVisible = 0;
			defaultConfigurationName = Release;
		};
		1D89CE6C2B04EFEB00E7F68E /* Build configuration list for PBXNativeTarget "QuillitUITests" */ = {
			isa = XCConfigurationList;
			buildConfigurations = (
				1D89CE6D2B04EFEB00E7F68E /* Debug */,
				1D89CE6E2B04EFEB00E7F68E /* Release */,
			);
			defaultConfigurationIsVisible = 0;
			defaultConfigurationName = Release;
		};
/* End XCConfigurationList section */

/* Begin XCRemoteSwiftPackageReference section */
		1D579D992B0647BF00DDC09F /* XCRemoteSwiftPackageReference "firebase-ios-sdk" */ = {
			isa = XCRemoteSwiftPackageReference;
			repositoryURL = "https://github.com/firebase/firebase-ios-sdk";
			requirement = {
				branch = master;
				kind = branch;
			};
		};
/* End XCRemoteSwiftPackageReference section */

/* Begin XCSwiftPackageProductDependency section */
		1D579D9A2B0647BF00DDC09F /* FirebaseAuth */ = {
			isa = XCSwiftPackageProductDependency;
			package = 1D579D992B0647BF00DDC09F /* XCRemoteSwiftPackageReference "firebase-ios-sdk" */;
			productName = FirebaseAuth;
		};
		1D579D9C2B0647BF00DDC09F /* FirebaseDatabase */ = {
			isa = XCSwiftPackageProductDependency;
			package = 1D579D992B0647BF00DDC09F /* XCRemoteSwiftPackageReference "firebase-ios-sdk" */;
			productName = FirebaseDatabase;
		};
		1D579D9E2B0647BF00DDC09F /* FirebaseDatabaseSwift */ = {
			isa = XCSwiftPackageProductDependency;
			package = 1D579D992B0647BF00DDC09F /* XCRemoteSwiftPackageReference "firebase-ios-sdk" */;
			productName = FirebaseDatabaseSwift;
		};
		1D579DA02B0647BF00DDC09F /* FirebaseFirestore */ = {
			isa = XCSwiftPackageProductDependency;
			package = 1D579D992B0647BF00DDC09F /* XCRemoteSwiftPackageReference "firebase-ios-sdk" */;
			productName = FirebaseFirestore;
		};
		1D579DA22B0647BF00DDC09F /* FirebaseFirestoreCombine-Community */ = {
			isa = XCSwiftPackageProductDependency;
			package = 1D579D992B0647BF00DDC09F /* XCRemoteSwiftPackageReference "firebase-ios-sdk" */;
			productName = "FirebaseFirestoreCombine-Community";
		};
		1D579DA42B0647BF00DDC09F /* FirebaseFirestoreSwift */ = {
			isa = XCSwiftPackageProductDependency;
			package = 1D579D992B0647BF00DDC09F /* XCRemoteSwiftPackageReference "firebase-ios-sdk" */;
			productName = FirebaseFirestoreSwift;
		};
		1D579DA62B0647BF00DDC09F /* FirebaseInAppMessaging-Beta */ = {
			isa = XCSwiftPackageProductDependency;
			package = 1D579D992B0647BF00DDC09F /* XCRemoteSwiftPackageReference "firebase-ios-sdk" */;
			productName = "FirebaseInAppMessaging-Beta";
		};
		1D579DA82B0647BF00DDC09F /* FirebaseInAppMessagingSwift-Beta */ = {
			isa = XCSwiftPackageProductDependency;
			package = 1D579D992B0647BF00DDC09F /* XCRemoteSwiftPackageReference "firebase-ios-sdk" */;
			productName = "FirebaseInAppMessagingSwift-Beta";
		};
		1D579DAA2B0647BF00DDC09F /* FirebaseMessaging */ = {
			isa = XCSwiftPackageProductDependency;
			package = 1D579D992B0647BF00DDC09F /* XCRemoteSwiftPackageReference "firebase-ios-sdk" */;
			productName = FirebaseMessaging;
		};
		1D579DAC2B0647BF00DDC09F /* FirebaseStorage */ = {
			isa = XCSwiftPackageProductDependency;
			package = 1D579D992B0647BF00DDC09F /* XCRemoteSwiftPackageReference "firebase-ios-sdk" */;
			productName = FirebaseStorage;
		};
		1D579DAE2B0647BF00DDC09F /* FirebaseStorageCombine-Community */ = {
			isa = XCSwiftPackageProductDependency;
			package = 1D579D992B0647BF00DDC09F /* XCRemoteSwiftPackageReference "firebase-ios-sdk" */;
			productName = "FirebaseStorageCombine-Community";
		};
/* End XCSwiftPackageProductDependency section */
	};
	rootObject = 1D89CE3A2B04EFE700E7F68E /* Project object */;
}
